
Microsoft Visual Studio Solution File, Format Version 12.00
# Visual Studio Version 17
VisualStudioVersion = 17.11.35222.181
MinimumVisualStudioVersion = 10.0.40219.1
Project("{2150E333-8FDC-42A3-9474-1A3956D46DE8}") = "Services", "Services", "{A8E65EF9-535B-43C6-A39B-371622D7ED60}"
EndProject
Project("{2150E333-8FDC-42A3-9474-1A3956D46DE8}") = "Catalog", "Catalog", "{5BE569B7-5D37-4F28-AA88-A4B7D0724ADF}"
EndProject
Project("{FAE04EC0-301F-11D3-BF4B-00C04F79EFBC}") = "Catalog.API", "src\Services\Catalog\Catalog.API\Catalog.API.csproj", "{6EC711C0-2145-42A3-B86B-72F3228FD862}"
EndProject
Global
	GlobalSection(SolutionConfigurationPlatforms) = preSolution
		Debug|Any CPU = Debug|Any CPU
		Release|Any CPU = Release|Any CPU
	EndGlobalSection
	GlobalSection(ProjectConfigurationPlatforms) = postSolution
		{6EC711C0-2145-42A3-B86B-72F3228FD862}.Debug|Any CPU.ActiveCfg = Debug|Any CPU
		{6EC711C0-2145-42A3-B86B-72F3228FD862}.Debug|Any CPU.Build.0 = Debug|Any CPU
		{6EC711C0-2145-42A3-B86B-72F3228FD862}.Release|Any CPU.ActiveCfg = Release|Any CPU
		{6EC711C0-2145-42A3-B86B-72F3228FD862}.Release|Any CPU.Build.0 = Release|Any CPU
	EndGlobalSection
	GlobalSection(SolutionProperties) = preSolution
		HideSolutionNode = FALSE
	EndGlobalSection
	GlobalSection(NestedProjects) = preSolution
		{5BE569B7-5D37-4F28-AA88-A4B7D0724ADF} = {A8E65EF9-535B-43C6-A39B-371622D7ED60}
		{6EC711C0-2145-42A3-B86B-72F3228FD862} = {5BE569B7-5D37-4F28-AA88-A4B7D0724ADF}
	EndGlobalSection
	GlobalSection(ExtensibilityGlobals) = postSolution
		SolutionGuid = {252C9EA7-3ED6-45F2-9427-A8CC201391FF}
	EndGlobalSection
EndGlobal
